
Microsoft Visual Studio Solution File, Format Version 12.00
# Visual Studio Version 16
VisualStudioVersion = 16.0.30330.147
MinimumVisualStudioVersion = 10.0.40219.1
Project("{FAE04EC0-301F-11D3-BF4B-00C04F79EFBC}") = "UtimcoCodingExercise", "UtimcoCodingExercise\UtimcoCodingExercise.csproj", "{9C50AAA3-0624-4D6B-AA1C-9E6549E3E1C3}"
EndProject
Project("{FAE04EC0-301F-11D3-BF4B-00C04F79EFBC}") = "UtimcoCodingExerciseTests", "UtimcoCodingExerciseTests\UtimcoCodingExerciseTests.csproj", "{39637180-2C15-4CB4-A697-0FEEFA61DB74}"
EndProject
Global
	GlobalSection(SolutionConfigurationPlatforms) = preSolution
		Debug|Any CPU = Debug|Any CPU
		Release|Any CPU = Release|Any CPU
	EndGlobalSection
	GlobalSection(ProjectConfigurationPlatforms) = postSolution
		{9C50AAA3-0624-4D6B-AA1C-9E6549E3E1C3}.Debug|Any CPU.ActiveCfg = Debug|Any CPU
		{9C50AAA3-0624-4D6B-AA1C-9E6549E3E1C3}.Debug|Any CPU.Build.0 = Debug|Any CPU
		{9C50AAA3-0624-4D6B-AA1C-9E6549E3E1C3}.Release|Any CPU.ActiveCfg = Release|Any CPU
		{9C50AAA3-0624-4D6B-AA1C-9E6549E3E1C3}.Release|Any CPU.Build.0 = Release|Any CPU
		{39637180-2C15-4CB4-A697-0FEEFA61DB74}.Debug|Any CPU.ActiveCfg = Debug|Any CPU
		{39637180-2C15-4CB4-A697-0FEEFA61DB74}.Debug|Any CPU.Build.0 = Debug|Any CPU
		{39637180-2C15-4CB4-A697-0FEEFA61DB74}.Release|Any CPU.ActiveCfg = Release|Any CPU
		{39637180-2C15-4CB4-A697-0FEEFA61DB74}.Release|Any CPU.Build.0 = Release|Any CPU
	EndGlobalSection
	GlobalSection(SolutionProperties) = preSolution
		HideSolutionNode = FALSE
	EndGlobalSection
	GlobalSection(ExtensibilityGlobals) = postSolution
		SolutionGuid = {0C7E85AC-D4D1-4DB5-8D14-3EB59EB1DC65}
	EndGlobalSection
EndGlobal
